// !$*UTF8*$!
{
	archiveVersion = 1;
	classes = {
	};
	objectVersion = 50;
	objects = {

/* Begin PBXBuildFile section */
		BE733523CC25C6E39C81C062 /* ViewController.swift in Sources */ = {isa = PBXBuildFile; fileRef = BE7337A0A1F21886D71325A8 /* ViewController.swift */; };
		BE733A7FE080502C5FB18F1C /* Renderer.swift in Sources */ = {isa = PBXBuildFile; fileRef = BE7334F9C9117B47C422A69D /* Renderer.swift */; };
		BE733D469127A32FB7B12773 /* MainWindowController.swift in Sources */ = {isa = PBXBuildFile; fileRef = BE733AD38ECD634F23E54BF9 /* MainWindowController.swift */; };
		DE7985502318F653004F11BE /* Shaders.metal in Sources */ = {isa = PBXBuildFile; fileRef = DE79854F2318F653004F11BE /* Shaders.metal */; };
		DEAF0D902318F3AC000A1CCA /* AppDelegate.swift in Sources */ = {isa = PBXBuildFile; fileRef = DEAF0D8F2318F3AC000A1CCA /* AppDelegate.swift */; };
		DEAF0D922318F3AD000A1CCA /* Assets.xcassets in Resources */ = {isa = PBXBuildFile; fileRef = DEAF0D912318F3AD000A1CCA /* Assets.xcassets */; };
		DEAF0D952318F3AD000A1CCA /* MainMenu.xib in Resources */ = {isa = PBXBuildFile; fileRef = DEAF0D932318F3AD000A1CCA /* MainMenu.xib */; };
/* End PBXBuildFile section */

/* Begin PBXFileReference section */
		BE7334F9C9117B47C422A69D /* Renderer.swift */ = {isa = PBXFileReference; fileEncoding = 4; lastKnownFileType = sourcecode.swift; path = Renderer.swift; sourceTree = "<group>"; };
		BE7337A0A1F21886D71325A8 /* ViewController.swift */ = {isa = PBXFileReference; fileEncoding = 4; lastKnownFileType = sourcecode.swift; path = ViewController.swift; sourceTree = "<group>"; };
		BE733AD38ECD634F23E54BF9 /* MainWindowController.swift */ = {isa = PBXFileReference; fileEncoding = 4; lastKnownFileType = sourcecode.swift; path = MainWindowController.swift; sourceTree = "<group>"; };
		DE79854B2318F5CE004F11BE /* Triangle-Bridging-Header.h */ = {isa = PBXFileReference; lastKnownFileType = sourcecode.c.h; path = "Triangle-Bridging-Header.h"; sourceTree = "<group>"; };
		DE79854E2318F605004F11BE /* ShaderDefinitions.h */ = {isa = PBXFileReference; lastKnownFileType = sourcecode.c.h; path = ShaderDefinitions.h; sourceTree = "<group>"; };
		DE79854F2318F653004F11BE /* Shaders.metal */ = {isa = PBXFileReference; lastKnownFileType = sourcecode.metal; path = Shaders.metal; sourceTree = "<group>"; };
		DEAF0D8C2318F3AC000A1CCA /* Triangle.app */ = {isa = PBXFileReference; explicitFileType = wrapper.application; includeInIndex = 0; path = Triangle.app; sourceTree = BUILT_PRODUCTS_DIR; };
		DEAF0D8F2318F3AC000A1CCA /* AppDelegate.swift */ = {isa = PBXFileReference; lastKnownFileType = sourcecode.swift; path = AppDelegate.swift; sourceTree = "<group>"; };
		DEAF0D912318F3AD000A1CCA /* Assets.xcassets */ = {isa = PBXFileReference; lastKnownFileType = folder.assetcatalog; path = Assets.xcassets; sourceTree = "<group>"; };
		DEAF0D942318F3AD000A1CCA /* Base */ = {isa = PBXFileReference; lastKnownFileType = file.xib; name = Base; path = Base.lproj/MainMenu.xib; sourceTree = "<group>"; };
		DEAF0D962318F3AD000A1CCA /* Info.plist */ = {isa = PBXFileReference; lastKnownFileType = text.plist.xml; path = Info.plist; sourceTree = "<group>"; };
		DEAF0D972318F3AD000A1CCA /* Triangle.entitlements */ = {isa = PBXFileReference; lastKnownFileType = text.plist.entitlements; path = Triangle.entitlements; sourceTree = "<group>"; };
/* End PBXFileReference section */

/* Begin PBXFrameworksBuildPhase section */
		DEAF0D892318F3AC000A1CCA /* Frameworks */ = {
			isa = PBXFrameworksBuildPhase;
			buildActionMask = 2147483647;
			files = (
			);
			runOnlyForDeploymentPostprocessing = 0;
		};
/* End PBXFrameworksBuildPhase section */

/* Begin PBXGroup section */
		DEAF0D832318F3AB000A1CCA = {
			isa = PBXGroup;
			children = (
				DEAF0D8E2318F3AC000A1CCA /* Triangle */,
				DEAF0D8D2318F3AC000A1CCA /* Products */,
			);
			sourceTree = "<group>";
		};
		DEAF0D8D2318F3AC000A1CCA /* Products */ = {
			isa = PBXGroup;
			children = (
				DEAF0D8C2318F3AC000A1CCA /* Triangle.app */,
			);
			name = Products;
			sourceTree = "<group>";
		};
		DEAF0D8E2318F3AC000A1CCA /* Triangle */ = {
			isa = PBXGroup;
			children = (
				DEAF0D8F2318F3AC000A1CCA /* AppDelegate.swift */,
				DEAF0D912318F3AD000A1CCA /* Assets.xcassets */,
				DEAF0D932318F3AD000A1CCA /* MainMenu.xib */,
				DEAF0D962318F3AD000A1CCA /* Info.plist */,
				DEAF0D972318F3AD000A1CCA /* Triangle.entitlements */,
				BE733AD38ECD634F23E54BF9 /* MainWindowController.swift */,
				BE7337A0A1F21886D71325A8 /* ViewController.swift */,
				BE7334F9C9117B47C422A69D /* Renderer.swift */,
				DE79854B2318F5CE004F11BE /* Triangle-Bridging-Header.h */,
				DE79854E2318F605004F11BE /* ShaderDefinitions.h */,
				DE79854F2318F653004F11BE /* Shaders.metal */,
			);
			path = Triangle;
			sourceTree = "<group>";
		};
/* End PBXGroup section */

/* Begin PBXNativeTarget section */
		DEAF0D8B2318F3AC000A1CCA /* Triangle */ = {
			isa = PBXNativeTarget;
			buildConfigurationList = DEAF0D9A2318F3AD000A1CCA /* Build configuration list for PBXNativeTarget "Triangle" */;
			buildPhases = (
				DEAF0D882318F3AC000A1CCA /* Sources */,
				DEAF0D892318F3AC000A1CCA /* Frameworks */,
				DEAF0D8A2318F3AC000A1CCA /* Resources */,
			);
			buildRules = (
			);
			dependencies = (
			);
			name = Triangle;
			productName = Triangle;
			productReference = DEAF0D8C2318F3AC000A1CCA /* Triangle.app */;
			productType = "com.apple.product-type.application";
		};
/* End PBXNativeTarget section */

/* Begin PBXProject section */
		DEAF0D842318F3AB000A1CCA /* Project object */ = {
			isa = PBXProject;
			attributes = {
				LastSwiftUpdateCheck = 1030;
				LastUpgradeCheck = 1030;
				ORGANIZATIONNAME = "Hans Olav Loftum";
				TargetAttributes = {
					DEAF0D8B2318F3AC000A1CCA = {
						CreatedOnToolsVersion = 10.3;
						LastSwiftMigration = 1030;
					};
				};
			};
			buildConfigurationList = DEAF0D872318F3AB000A1CCA /* Build configuration list for PBXProject "Triangle" */;
			compatibilityVersion = "Xcode 9.3";
			developmentRegion = en;
			hasScannedForEncodings = 0;
			knownRegions = (
				en,
				Base,
			);
			mainGroup = DEAF0D832318F3AB000A1CCA;
			productRefGroup = DEAF0D8D2318F3AC000A1CCA /* Products */;
			projectDirPath = "";
			projectRoot = "";
			targets = (
				DEAF0D8B2318F3AC000A1CCA /* Triangle */,
			);
		};
/* End PBXProject section */

/* Begin PBXResourcesBuildPhase section */
		DEAF0D8A2318F3AC000A1CCA /* Resources */ = {
			isa = PBXResourcesBuildPhase;
			buildActionMask = 2147483647;
			files = (
				DEAF0D922318F3AD000A1CCA /* Assets.xcassets in Resources */,
				DEAF0D952318F3AD000A1CCA /* MainMenu.xib in Resources */,
			);
			runOnlyForDeploymentPostprocessing = 0;
		};
/* End PBXResourcesBuildPhase section */

/* Begin PBXSourcesBuildPhase section */
		DEAF0D882318F3AC000A1CCA /* Sources */ = {
			isa = PBXSourcesBuildPhase;
			buildActionMask = 2147483647;
			files = (
				DEAF0D902318F3AC000A1CCA /* AppDelegate.swift in Sources */,
				BE733D469127A32FB7B12773 /* MainWindowController.swift in Sources */,
				BE733523CC25C6E39C81C062 /* ViewController.swift in Sources */,
				BE733A7FE080502C5FB18F1C /* Renderer.swift in Sources */,
				DE7985502318F653004F11BE /* Shaders.metal in Sources */,
			);
			runOnlyForDeploymentPostprocessing = 0;
		};
/* End PBXSourcesBuildPhase section */

/* Begin PBXVariantGroup section */
		DEAF0D932318F3AD000A1CCA /* MainMenu.xib */ = {
			isa = PBXVariantGroup;
			children = (
				DEAF0D942318F3AD000A1CCA /* Base */,
			);
			name = MainMenu.xib;
			sourceTree = "<group>";
		};
/* End PBXVariantGroup section */

/* Begin XCBuildConfiguration section */
		DEAF0D982318F3AD000A1CCA /* Debug */ = {
			isa = XCBuildConfiguration;
			buildSettings = {
				ALWAYS_SEARCH_USER_PATHS = NO;
				CLANG_ANALYZER_NONNULL = YES;
				CLANG_ANALYZER_NUMBER_OBJECT_CONVERSION = YES_AGGRESSIVE;
				CLANG_CXX_LANGUAGE_STANDARD = "gnu++14";
				CLANG_CXX_LIBRARY = "libc++";
				CLANG_ENABLE_MODULES = YES;
				CLANG_ENABLE_OBJC_ARC = YES;
				CLANG_ENABLE_OBJC_WEAK = YES;
				CLANG_WARN_BLOCK_CAPTURE_AUTORELEASING = YES;
				CLANG_WARN_BOOL_CONVERSION = YES;
				CLANG_WARN_COMMA = YES;
				CLANG_WARN_CONSTANT_CONVERSION = YES;
				CLANG_WARN_DEPRECATED_OBJC_IMPLEMENTATIONS = YES;
				CLANG_WARN_DIRECT_OBJC_ISA_USAGE = YES_ERROR;
				CLANG_WARN_DOCUMENTATION_COMMENTS = YES;
				CLANG_WARN_EMPTY_BODY = YES;
				CLANG_WARN_ENUM_CONVERSION = YES;
				CLANG_WARN_INFINITE_RECURSION = YES;
				CLANG_WARN_INT_CONVERSION = YES;
				CLANG_WARN_NON_LITERAL_NULL_CONVERSION = YES;
				CLANG_WARN_OBJC_IMPLICIT_RETAIN_SELF = YES;
				CLANG_WARN_OBJC_LITERAL_CONVERSION = YES;
				CLANG_WARN_OBJC_ROOT_CLASS = YES_ERROR;
				CLANG_WARN_RANGE_LOOP_ANALYSIS = YES;
				CLANG_WARN_STRICT_PROTOTYPES = YES;
				CLANG_WARN_SUSPICIOUS_MOVE = YES;
				CLANG_WARN_UNGUARDED_AVAILABILITY = YES_AGGRESSIVE;
				CLANG_WARN_UNREACHABLE_CODE = YES;
				CLANG_WARN__DUPLICATE_METHOD_MATCH = YES;
				CODE_SIGN_IDENTITY = "Mac Developer";
				COPY_PHASE_STRIP = NO;
				DEBUG_INFORMATION_FORMAT = dwarf;
				ENABLE_STRICT_OBJC_MSGSEND = YES;
				ENABLE_TESTABILITY = YES;
				GCC_C_LANGUAGE_STANDARD = gnu11;
				GCC_DYNAMIC_NO_PIC = NO;
				GCC_NO_COMMON_BLOCKS = YES;
				GCC_OPTIMIZATION_LEVEL = 0;
				GCC_PREPROCESSOR_DEFINITIONS = (
					"DEBUG=1",
					"$(inherited)",
				);
				GCC_WARN_64_TO_32_BIT_CONVERSION = YES;
				GCC_WARN_ABOUT_RETURN_TYPE = YES_ERROR;
				GCC_WARN_UNDECLARED_SELECTOR = YES;
				GCC_WARN_UNINITIALIZED_AUTOS = YES_AGGRESSIVE;
				GCC_WARN_UNUSED_FUNCTION = YES;
				GCC_WARN_UNUSED_VARIABLE = YES;
				MACOSX_DEPLOYMENT_TARGET = 10.14;
				MTL_ENABLE_DEBUG_INFO = INCLUDE_SOURCE;
				MTL_FAST_MATH = YES;
				ONLY_ACTIVE_ARCH = YES;
				SDKROOT = macosx;
				SWIFT_ACTIVE_COMPILATION_CONDITIONS = DEBUG;
				SWIFT_OPTIMIZATION_LEVEL = "-Onone";
			};
			name = Debug;
		};
		DEAF0D992318F3AD000A1CCA /* Release */ = {
			isa = XCBuildConfiguration;
			buildSettings = {
				ALWAYS_SEARCH_USER_PATHS = NO;
				CLANG_ANALYZER_NONNULL = YES;
				CLANG_ANALYZER_NUMBER_OBJECT_CONVERSION = YES_AGGRESSIVE;
				CLANG_CXX_LANGUAGE_STANDARD = "gnu++14";
				CLANG_CXX_LIBRARY = "libc++";
				CLANG_ENABLE_MODULES = YES;
				CLANG_ENABLE_OBJC_ARC = YES;
				CLANG_ENABLE_OBJC_WEAK = YES;
				CLANG_WARN_BLOCK_CAPTURE_AUTORELEASING = YES;
				CLANG_WARN_BOOL_CONVERSION = YES;
				CLANG_WARN_COMMA = YES;
				CLANG_WARN_CONSTANT_CONVERSION = YES;
				CLANG_WARN_DEPRECATED_OBJC_IMPLEMENTATIONS = YES;
				CLANG_WARN_DIRECT_OBJC_ISA_USAGE = YES_ERROR;
				CLANG_WARN_DOCUMENTATION_COMMENTS = YES;
				CLANG_WARN_EMPTY_BODY = YES;
				CLANG_WARN_ENUM_CONVERSION = YES;
				CLANG_WARN_INFINITE_RECURSION = YES;
				CLANG_WARN_INT_CONVERSION = YES;
				CLANG_WARN_NON_LITERAL_NULL_CONVERSION = YES;
				CLANG_WARN_OBJC_IMPLICIT_RETAIN_SELF = YES;
				CLANG_WARN_OBJC_LITERAL_CONVERSION = YES;
				CLANG_WARN_OBJC_ROOT_CLASS = YES_ERROR;
				CLANG_WARN_RANGE_LOOP_ANALYSIS = YES;
				CLANG_WARN_STRICT_PROTOTYPES = YES;
				CLANG_WARN_SUSPICIOUS_MOVE = YES;
				CLANG_WARN_UNGUARDED_AVAILABILITY = YES_AGGRESSIVE;
				CLANG_WARN_UNREACHABLE_CODE = YES;
				CLANG_WARN__DUPLICATE_METHOD_MATCH = YES;
				CODE_SIGN_IDENTITY = "Mac Developer";
				COPY_PHASE_STRIP = NO;
				DEBUG_INFORMATION_FORMAT = "dwarf-with-dsym";
				ENABLE_NS_ASSERTIONS = NO;
				ENABLE_STRICT_OBJC_MSGSEND = YES;
				GCC_C_LANGUAGE_STANDARD = gnu11;
				GCC_NO_COMMON_BLOCKS = YES;
				GCC_WARN_64_TO_32_BIT_CONVERSION = YES;
				GCC_WARN_ABOUT_RETURN_TYPE = YES_ERROR;
				GCC_WARN_UNDECLARED_SELECTOR = YES;
				GCC_WARN_UNINITIALIZED_AUTOS = YES_AGGRESSIVE;
				GCC_WARN_UNUSED_FUNCTION = YES;
				GCC_WARN_UNUSED_VARIABLE = YES;
				MACOSX_DEPLOYMENT_TARGET = 10.14;
				MTL_ENABLE_DEBUG_INFO = NO;
				MTL_FAST_MATH = YES;
				SDKROOT = macosx;
				SWIFT_COMPILATION_MODE = wholemodule;
				SWIFT_OPTIMIZATION_LEVEL = "-O";
			};
			name = Release;
		};
		DEAF0D9B2318F3AD000A1CCA /* Debug */ = {
			isa = XCBuildConfiguration;
			buildSettings = {
				ASSETCATALOG_COMPILER_APPICON_NAME = AppIcon;
				CLANG_ENABLE_MODULES = YES;
				CODE_SIGN_ENTITLEMENTS = Triangle/Triangle.entitlements;
				CODE_SIGN_STYLE = Automatic;
				COMBINE_HIDPI_IMAGES = YES;
				DEVELOPMENT_TEAM = S5WLDDHP5Y;
				INFOPLIST_FILE = Triangle/Info.plist;
				LD_RUNPATH_SEARCH_PATHS = (
					"$(inherited)",
					"@executable_path/../Frameworks",
				);
				PRODUCT_BUNDLE_IDENTIFIER = org.convenient.Triangle;
				PRODUCT_NAME = "$(TARGET_NAME)";
				SWIFT_OBJC_BRIDGING_HEADER = "Triangle/Triangle-Bridging-Header.h";
				SWIFT_OPTIMIZATION_LEVEL = "-Onone";
				SWIFT_VERSION = 5.0;
			};
			name = Debug;
		};
		DEAF0D9C2318F3AD000A1CCA /* Release */ = {
			isa = XCBuildConfiguration;
			buildSettings = {
				ASSETCATALOG_COMPILER_APPICON_NAME = AppIcon;
				CLANG_ENABLE_MODULES = YES;
				CODE_SIGN_ENTITLEMENTS = Triangle/Triangle.entitlements;
				CODE_SIGN_STYLE = Automatic;
				COMBINE_HIDPI_IMAGES = YES;
				DEVELOPMENT_TEAM = S5WLDDHP5Y;
				INFOPLIST_FILE = Triangle/Info.plist;
				LD_RUNPATH_SEARCH_PATHS = (
					"$(inherited)",
					"@executable_path/../Frameworks",
				);
				PRODUCT_BUNDLE_IDENTIFIER = org.convenient.Triangle;
				PRODUCT_NAME = "$(TARGET_NAME)";
				SWIFT_OBJC_BRIDGING_HEADER = "Triangle/Triangle-Bridging-Header.h";
				SWIFT_VERSION = 5.0;
			};
			name = Release;
		};
/* End XCBuildConfiguration section */

/* Begin XCConfigurationList section */
		DEAF0D872318F3AB000A1CCA /* Build configuration list for PBXProject "Triangle" */ = {
			isa = XCConfigurationList;
			buildConfigurations = (
				DEAF0D982318F3AD000A1CCA /* Debug */,
				DEAF0D992318F3AD000A1CCA /* Release */,
			);
			defaultConfigurationIsVisible = 0;
			defaultConfigurationName = Release;
		};
		DEAF0D9A2318F3AD000A1CCA /* Build configuration list for PBXNativeTarget "Triangle" */ = {
			isa = XCConfigurationList;
			buildConfigurations = (
				DEAF0D9B2318F3AD000A1CCA /* Debug */,
				DEAF0D9C2318F3AD000A1CCA /* Release */,
			);
			defaultConfigurationIsVisible = 0;
			defaultConfigurationName = Release;
		};
/* End XCConfigurationList section */
	};
	rootObject = DEAF0D842318F3AB000A1CCA /* Project object */;
}
